
Microsoft Visual Studio Solution File, Format Version 12.00
# Visual Studio Version 17
VisualStudioVersion = 17.4.33205.214
MinimumVisualStudioVersion = 10.0.40219.1
Project("{FAE04EC0-301F-11D3-BF4B-00C04F79EFBC}") = "WebApp", "WebApp.csproj", "{C18C90B4-86DC-4A95-9EFF-74D6F2282994}"
EndProject
Project("{FAE04EC0-301F-11D3-BF4B-00C04F79EFBC}") = "BOL", "..\BOL\BOL.csproj", "{C7FE7818-1322-4A0E-AF31-2552433029A2}"
EndProject
Project("{FAE04EC0-301F-11D3-BF4B-00C04F79EFBC}") = "BLL", "..\BLL\BLL.csproj", "{F6069926-FF45-4F4A-B594-8A33096518E5}"
EndProject
Project("{FAE04EC0-301F-11D3-BF4B-00C04F79EFBC}") = "DAL", "..\DAL\DAL.csproj", "{B37EACBF-6406-48EA-8851-3E9AA8A47503}"
EndProject
Project("{FAE04EC0-301F-11D3-BF4B-00C04F79EFBC}") = "UnitTestSMS", "..\UnitTestSMS\UnitTestSMS.csproj", "{EDF6D727-046A-4DC6-89C3-254D5F9C52B4}"
EndProject
Global
	GlobalSection(SolutionConfigurationPlatforms) = preSolution
		Debug|Any CPU = Debug|Any CPU
		Release|Any CPU = Release|Any CPU
	EndGlobalSection
	GlobalSection(ProjectConfigurationPlatforms) = postSolution
		{C18C90B4-86DC-4A95-9EFF-74D6F2282994}.Debug|Any CPU.ActiveCfg = Debug|Any CPU
		{C18C90B4-86DC-4A95-9EFF-74D6F2282994}.Debug|Any CPU.Build.0 = Debug|Any CPU
		{C18C90B4-86DC-4A95-9EFF-74D6F2282994}.Release|Any CPU.ActiveCfg = Release|Any CPU
		{C18C90B4-86DC-4A95-9EFF-74D6F2282994}.Release|Any CPU.Build.0 = Release|Any CPU
		{C7FE7818-1322-4A0E-AF31-2552433029A2}.Debug|Any CPU.ActiveCfg = Debug|Any CPU
		{C7FE7818-1322-4A0E-AF31-2552433029A2}.Debug|Any CPU.Build.0 = Debug|Any CPU
		{C7FE7818-1322-4A0E-AF31-2552433029A2}.Release|Any CPU.ActiveCfg = Release|Any CPU
		{C7FE7818-1322-4A0E-AF31-2552433029A2}.Release|Any CPU.Build.0 = Release|Any CPU
		{F6069926-FF45-4F4A-B594-8A33096518E5}.Debug|Any CPU.ActiveCfg = Debug|Any CPU
		{F6069926-FF45-4F4A-B594-8A33096518E5}.Debug|Any CPU.Build.0 = Debug|Any CPU
		{F6069926-FF45-4F4A-B594-8A33096518E5}.Release|Any CPU.ActiveCfg = Release|Any CPU
		{F6069926-FF45-4F4A-B594-8A33096518E5}.Release|Any CPU.Build.0 = Release|Any CPU
		{B37EACBF-6406-48EA-8851-3E9AA8A47503}.Debug|Any CPU.ActiveCfg = Debug|Any CPU
		{B37EACBF-6406-48EA-8851-3E9AA8A47503}.Debug|Any CPU.Build.0 = Debug|Any CPU
		{B37EACBF-6406-48EA-8851-3E9AA8A47503}.Release|Any CPU.ActiveCfg = Release|Any CPU
		{B37EACBF-6406-48EA-8851-3E9AA8A47503}.Release|Any CPU.Build.0 = Release|Any CPU
		{EDF6D727-046A-4DC6-89C3-254D5F9C52B4}.Debug|Any CPU.ActiveCfg = Debug|Any CPU
		{EDF6D727-046A-4DC6-89C3-254D5F9C52B4}.Debug|Any CPU.Build.0 = Debug|Any CPU
		{EDF6D727-046A-4DC6-89C3-254D5F9C52B4}.Release|Any CPU.ActiveCfg = Release|Any CPU
		{EDF6D727-046A-4DC6-89C3-254D5F9C52B4}.Release|Any CPU.Build.0 = Release|Any CPU
	EndGlobalSection
	GlobalSection(SolutionProperties) = preSolution
		HideSolutionNode = FALSE
	EndGlobalSection
	GlobalSection(ExtensibilityGlobals) = postSolution
		SolutionGuid = {A77502E8-22D7-4515-8053-1821FAF8E70F}
	EndGlobalSection
EndGlobal
